dependencies:
- name: elasticsearch
  repository: https://charts.bitnami.com/bitnami
  version: 17.9.29
- name: mongodb
  repository: https://charts.bitnami.com/bitnami
  version: 12.1.30
digest: sha256:e4bfb32dc6d9e379dba29ca327774975524528ea6f4072b939940df016de9e08
generated: "2022-08-02T17:23:17.265694+02:00"
