dependencies:
- name: elasticsearch
  repository: https://charts.helm.sh/stable
  version: 1.32.5
- name: mongodb
  repository: https://charts.bitnami.com/bitnami
  version: 11.2.0
digest: sha256:db448b3fdd21b0231eff22292b551448208577a413c22255a96c9d091bd791aa
generated: "2022-06-17T11:03:33.808264+02:00"
