dependencies:
- name: elasticsearch
  repository: https://helm.elastic.co
  version: 7.17.3
- name: mongodb
  repository: https://charts.bitnami.com/bitnami
  version: 12.1.7
digest: sha256:b695ce44d41504e4176eac69d7f251a9783c3e6e4ac1506b2d6d480249b383e2
generated: "2022-05-19T10:37:51.858291676+01:00"
