dependencies:
- name: apim3
  repository: https://helm.gravitee.io
  version: 3.1.58
- name: redis
  repository: https://charts.bitnami.com/bitnami
  version: 17.3.14
- name: logstash
  repository: https://helm.elastic.co
  version: 8.5.1
digest: sha256:01f383410438123d4a177141d30228c84fb7445fe6bfe41190375fe956fe8310
generated: "2022-12-07T11:01:41.885826+01:00"
