dependencies:
- name: elasticsearch
  repository: https://kubernetes-charts.storage.googleapis.com/
  version: 1.27.3
- name: mongodb-replicaset
  repository: https://kubernetes-charts.storage.googleapis.com/
  version: 3.9.5
digest: sha256:7a4d1ea24f85d41c5c37e8218e8c248689e6a1906715dae1dc3014fc1e213fce
generated: 2019-05-31T10:51:23.75193+02:00
