dependencies:
- name: elasticsearch
  repository: https://kubernetes-charts.storage.googleapis.com/
  version: 1.32.0
- name: mongodb-replicaset
  repository: https://kubernetes-charts.storage.googleapis.com/
  version: 3.10.1
digest: sha256:c1bd16e44fb62411cb22eb7c23f0d3814e57613f939334a9fc39a19fb7a70464
generated: 2019-10-28T09:51:50.10247+01:00
