dependencies:
- name: elasticsearch
  repository: https://kubernetes-charts.storage.googleapis.com/
  version: ^1.27.3
- name: mongodb-replicaset
  repository: https://kubernetes-charts.storage.googleapis.com/
  version: ^3.10.1
- name: redis
  repository: https://charts.bitnami.com/bitnami
  version: ^10.6.9
digest: sha256:a592b4f54f9cd5d8b54188500d9d51f7f5fae2b9397810fd10c3dbaf6daf285a
generated: "2020-04-20T21:45:48.1060808Z"
