dependencies:
- name: elasticsearch
  repository: https://kubernetes-charts.storage.googleapis.com/
  version: ^1.27.3
- name: mongodb-replicaset
  repository: https://kubernetes-charts.storage.googleapis.com/
  version: ^3.10.1
digest: sha256:48727c10a6287710b3d3470e0fd0c93d8e699658710b33bf26c044a5cdaee0ea
generated: "2020-01-11T15:40:49.720993384+01:00"
