dependencies:
- name: elasticsearch
  repository: https://kubernetes-charts.storage.googleapis.com/
  version: 1.32.5
- name: mongodb-replicaset
  repository: https://kubernetes-charts.storage.googleapis.com/
  version: 3.16.0
digest: sha256:c1bd16e44fb62411cb22eb7c23f0d3814e57613f939334a9fc39a19fb7a70464
generated: "2020-07-06T14:20:30.277676153+02:00"
